
Microsoft Visual Studio Solution File, Format Version 12.00
# Visual Studio Version 17
VisualStudioVersion = 17.4.33110.190
MinimumVisualStudioVersion = 10.0.40219.1
Project("{9A19103F-16F7-4668-BE54-9A1E7A4F7556}") = "AuroraPOS", "AuroraPOS\AuroraPOS.csproj", "{AF2D10E1-7298-41C1-AC75-94C6ADD5431A}"
EndProject
Project("{FAE04EC0-301F-11D3-BF4B-00C04F79EFBC}") = "Printer", "Printer\Printer.csproj", "{F9FBE18F-C56E-4936-A9C7-288C2FD0E4AD}"
EndProject
Project("{FAE04EC0-301F-11D3-BF4B-00C04F79EFBC}") = "Icons", "Icons\Icons.csproj", "{95366B75-DB6F-404E-AEC3-BA58C307A9AB}"
EndProject
Global
	GlobalSection(SolutionConfigurationPlatforms) = preSolution
		Debug|Any CPU = Debug|Any CPU
		Release|Any CPU = Release|Any CPU
	EndGlobalSection
	GlobalSection(ProjectConfigurationPlatforms) = postSolution
		{AF2D10E1-7298-41C1-AC75-94C6ADD5431A}.Debug|Any CPU.ActiveCfg = Debug|Any CPU
		{AF2D10E1-7298-41C1-AC75-94C6ADD5431A}.Debug|Any CPU.Build.0 = Debug|Any CPU
		{AF2D10E1-7298-41C1-AC75-94C6ADD5431A}.Release|Any CPU.ActiveCfg = Release|Any CPU
		{AF2D10E1-7298-41C1-AC75-94C6ADD5431A}.Release|Any CPU.Build.0 = Release|Any CPU
		{F9FBE18F-C56E-4936-A9C7-288C2FD0E4AD}.Debug|Any CPU.ActiveCfg = Debug|Any CPU
		{F9FBE18F-C56E-4936-A9C7-288C2FD0E4AD}.Debug|Any CPU.Build.0 = Debug|Any CPU
		{F9FBE18F-C56E-4936-A9C7-288C2FD0E4AD}.Release|Any CPU.ActiveCfg = Release|Any CPU
		{F9FBE18F-C56E-4936-A9C7-288C2FD0E4AD}.Release|Any CPU.Build.0 = Release|Any CPU
		{95366B75-DB6F-404E-AEC3-BA58C307A9AB}.Debug|Any CPU.ActiveCfg = Debug|Any CPU
		{95366B75-DB6F-404E-AEC3-BA58C307A9AB}.Debug|Any CPU.Build.0 = Debug|Any CPU
		{95366B75-DB6F-404E-AEC3-BA58C307A9AB}.Release|Any CPU.ActiveCfg = Release|Any CPU
		{95366B75-DB6F-404E-AEC3-BA58C307A9AB}.Release|Any CPU.Build.0 = Release|Any CPU
	EndGlobalSection
	GlobalSection(SolutionProperties) = preSolution
		HideSolutionNode = FALSE
	EndGlobalSection
	GlobalSection(ExtensibilityGlobals) = postSolution
		SolutionGuid = {2B45BE58-05C1-4B12-96EE-6DB1AA874BE3}
	EndGlobalSection
EndGlobal
